
Microsoft Visual Studio Solution File, Format Version 12.00
# Visual Studio 14
VisualStudioVersion = 14.0.23107.0
MinimumVisualStudioVersion = 10.0.40219.1
Project("{8BC9CEB8-8B4A-11D0-8D11-00A0C91BC942}") = "miriyaki", "mirsynth.vcxproj", "{863D9E7E-5322-49C8-89BA-A761DC0EE438}"
EndProject
Global
	GlobalSection(SolutionConfigurationPlatforms) = preSolution
		core2|Win32 = core2|Win32
		core2|x64 = core2|x64
		Debug|Win32 = Debug|Win32
		Debug|x64 = Debug|x64
		old|Win32 = old|Win32
		old|x64 = old|x64
		oldComp|Win32 = oldComp|Win32
		oldComp|x64 = oldComp|x64
		Release|Win32 = Release|Win32
		Release|x64 = Release|x64
	EndGlobalSection
	GlobalSection(ProjectConfigurationPlatforms) = postSolution
		{863D9E7E-5322-49C8-89BA-A761DC0EE438}.core2|Win32.ActiveCfg = core2|Win32
		{863D9E7E-5322-49C8-89BA-A761DC0EE438}.core2|Win32.Build.0 = core2|Win32
		{863D9E7E-5322-49C8-89BA-A761DC0EE438}.core2|x64.ActiveCfg = core2|Win32
		{863D9E7E-5322-49C8-89BA-A761DC0EE438}.Debug|Win32.ActiveCfg = Debug|Win32
		{863D9E7E-5322-49C8-89BA-A761DC0EE438}.Debug|Win32.Build.0 = Debug|Win32
		{863D9E7E-5322-49C8-89BA-A761DC0EE438}.Debug|x64.ActiveCfg = Debug|Win32
		{863D9E7E-5322-49C8-89BA-A761DC0EE438}.old|Win32.ActiveCfg = old|Win32
		{863D9E7E-5322-49C8-89BA-A761DC0EE438}.old|Win32.Build.0 = old|Win32
		{863D9E7E-5322-49C8-89BA-A761DC0EE438}.old|x64.ActiveCfg = old|Win32
		{863D9E7E-5322-49C8-89BA-A761DC0EE438}.oldComp|Win32.ActiveCfg = Release|Win32
		{863D9E7E-5322-49C8-89BA-A761DC0EE438}.oldComp|Win32.Build.0 = Release|Win32
		{863D9E7E-5322-49C8-89BA-A761DC0EE438}.oldComp|x64.ActiveCfg = old|Win32
		{863D9E7E-5322-49C8-89BA-A761DC0EE438}.Release|Win32.ActiveCfg = Release|x64
		{863D9E7E-5322-49C8-89BA-A761DC0EE438}.Release|Win32.Build.0 = Release|x64
		{863D9E7E-5322-49C8-89BA-A761DC0EE438}.Release|x64.ActiveCfg = Release|x64
		{863D9E7E-5322-49C8-89BA-A761DC0EE438}.Release|x64.Build.0 = Release|x64
	EndGlobalSection
	GlobalSection(SolutionProperties) = preSolution
		HideSolutionNode = FALSE
	EndGlobalSection
EndGlobal
